{
  "name": "zougatagadb",
  "version": "1.0.6",
  "lockfileVersion": 3,
  "requires": true,
  "packages": {
    "": {
      "name": "zougatagadb",
      "version": "1.0.6",
      "license": "ISC",
      "dependencies": {
        "cipherdata": "^1.0.1",
        "fs": "^0.0.1-security"
      }
    },
    "node_modules/cipherdata": {
      "version": "1.0.1",
      "resolved": "https://registry.npmjs.org/cipherdata/-/cipherdata-1.0.1.tgz",
      "integrity": "sha512-i5ktF/cTpi76LPNXhV574LmwMYZFk088YnA1QMBOSTp5si7V0iKF3VDlRIqESi/gv4e9KssmXxhLVefvTnUYsQ==",
      "dependencies": {
        "crypto": "^1.0.1"
      }
    },
    "node_modules/crypto": {
      "version": "1.0.1",
      "resolved": "https://registry.npmjs.org/crypto/-/crypto-1.0.1.tgz",
      "integrity": "sha512-VxBKmeNcqQdiUQUW2Tzq0t377b54N2bMtXO/qiLa+6eRRmmC4qT3D4OnTGoT/U6O9aklQ/jTwbOtRMTTY8G0Ig==",
      "deprecated": "This package is no longer supported. It's now a built-in Node module. If you've depended on crypto, you should switch to the one that's built-in."
    },
    "node_modules/fs": {
      "version": "0.0.1-security",
      "resolved": "https://registry.npmjs.org/fs/-/fs-0.0.1-security.tgz",
      "integrity": "sha512-3XY9e1pP0CVEUCdj5BmfIZxRBTSDycnbqhIOGec9QYtmVH2fbLpj86CFWkrNOkt/Fvty4KZG5lTglL9j/gJ87w=="
    }
  }
}
